
Microsoft Visual Studio Solution File, Format Version 12.00
# Visual Studio Version 16
VisualStudioVersion = 16.0.33423.256
MinimumVisualStudioVersion = 10.0.40219.1
Project("{FAE04EC0-301F-11D3-BF4B-00C04F79EFBC}") = "ConsoleApp1", "ConsoleApp1\ConsoleApp1.csproj", "{5DE95E20-BDC9-4D9A-9569-E7E597C5324C}"
EndProject
Global
	GlobalSection(SolutionConfigurationPlatforms) = preSolution
		Debug|Any CPU = Debug|Any CPU
		Release|Any CPU = Release|Any CPU
	EndGlobalSection
	GlobalSection(ProjectConfigurationPlatforms) = postSolution
		{5DE95E20-BDC9-4D9A-9569-E7E597C5324C}.Debug|Any CPU.ActiveCfg = Debug|Any CPU
		{5DE95E20-BDC9-4D9A-9569-E7E597C5324C}.Debug|Any CPU.Build.0 = Debug|Any CPU
		{5DE95E20-BDC9-4D9A-9569-E7E597C5324C}.Release|Any CPU.ActiveCfg = Release|Any CPU
		{5DE95E20-BDC9-4D9A-9569-E7E597C5324C}.Release|Any CPU.Build.0 = Release|Any CPU
	EndGlobalSection
	GlobalSection(SolutionProperties) = preSolution
		HideSolutionNode = FALSE
	EndGlobalSection
	GlobalSection(ExtensibilityGlobals) = postSolution
		SolutionGuid = {4B5FE376-A329-4DFE-89D5-FBB3E1413087}
	EndGlobalSection
EndGlobal
